// !$*UTF8*$!
{
	archiveVersion = 1;
	classes = {
	};
	objectVersion = 46;
	objects = {

/* Begin PBXBuildFile section */
		494139F62185DBB90032D72F /* Watch.xcassets in Resources */ = {isa = PBXBuildFile; fileRef = 494139F52185DBB90032D72F /* Watch.xcassets */; };
		49413A01218611400032D72F /* WatchSessionManager.swift in Sources */ = {isa = PBXBuildFile; fileRef = 494139FF21860E980032D72F /* WatchSessionManager.swift */; };
		49413A04218615F70032D72F /* LeafConfig.swift in Sources */ = {isa = PBXBuildFile; fileRef = 4984626F1B1B81AF00C0A281 /* LeafConfig.swift */; };
		49413A0521861A770032D72F /* WatchSessionManager.swift in Sources */ = {isa = PBXBuildFile; fileRef = 494139FF21860E980032D72F /* WatchSessionManager.swift */; };
		4981D13521835D230067E818 /* Interface.storyboard in Resources */ = {isa = PBXBuildFile; fileRef = 4981D13321835D230067E818 /* Interface.storyboard */; };
		4981D13E21835D240067E818 /* WatchApp Extension.appex in Embed App Extensions */ = {isa = PBXBuildFile; fileRef = 4981D13D21835D240067E818 /* WatchApp Extension.appex */; settings = {ATTRIBUTES = (RemoveHeadersOnCopy, ); }; };
		4981D14321835D240067E818 /* InterfaceController.swift in Sources */ = {isa = PBXBuildFile; fileRef = 4981D14221835D240067E818 /* InterfaceController.swift */; };
		4981D14521835D240067E818 /* ExtensionDelegate.swift in Sources */ = {isa = PBXBuildFile; fileRef = 4981D14421835D240067E818 /* ExtensionDelegate.swift */; };
		4981D14721835D240067E818 /* NotificationController.swift in Sources */ = {isa = PBXBuildFile; fileRef = 4981D14621835D240067E818 /* NotificationController.swift */; };
		4981D14921835D240067E818 /* ComplicationController.swift in Sources */ = {isa = PBXBuildFile; fileRef = 4981D14821835D240067E818 /* ComplicationController.swift */; };
		4981D14B21835D250067E818 /* Assets.xcassets in Resources */ = {isa = PBXBuildFile; fileRef = 4981D14A21835D250067E818 /* Assets.xcassets */; };
		4981D15021835D250067E818 /* WatchApp.app in Embed Watch Content */ = {isa = PBXBuildFile; fileRef = 4981D13121835D230067E818 /* WatchApp.app */; };
		498462701B1B81AF00C0A281 /* LeafConfig.swift in Sources */ = {isa = PBXBuildFile; fileRef = 4984626F1B1B81AF00C0A281 /* LeafConfig.swift */; };
		49BCFAE9219202BA005AFEDA /* DataIO.swift in Sources */ = {isa = PBXBuildFile; fileRef = 49CDFC4F1D16E26C00D42443 /* DataIO.swift */; };
		49BCFAEA219203A8005AFEDA /* GlossaryModel.swift in Sources */ = {isa = PBXBuildFile; fileRef = 49CDFC521D16E27E00D42443 /* GlossaryModel.swift */; };
		49CDFC161D11373500D42443 /* MBProgressHUD.m in Sources */ = {isa = PBXBuildFile; fileRef = 49CDFC151D11373500D42443 /* MBProgressHUD.m */; };
		49CDFC4D1D16E24800D42443 /* SoundManager.swift in Sources */ = {isa = PBXBuildFile; fileRef = 49CDFC4C1D16E24800D42443 /* SoundManager.swift */; };
		49CDFC501D16E26C00D42443 /* ConnectionManager.swift in Sources */ = {isa = PBXBuildFile; fileRef = 49CDFC4E1D16E26C00D42443 /* ConnectionManager.swift */; };
		49CDFC511D16E26C00D42443 /* DataIO.swift in Sources */ = {isa = PBXBuildFile; fileRef = 49CDFC4F1D16E26C00D42443 /* DataIO.swift */; };
		49CDFC551D16E27E00D42443 /* GlossaryModel.swift in Sources */ = {isa = PBXBuildFile; fileRef = 49CDFC521D16E27E00D42443 /* GlossaryModel.swift */; };
		49CDFC561D16E27E00D42443 /* ViewModel.swift in Sources */ = {isa = PBXBuildFile; fileRef = 49CDFC531D16E27E00D42443 /* ViewModel.swift */; };
		49CDFC571D16E27E00D42443 /* VocabularyModel.swift in Sources */ = {isa = PBXBuildFile; fileRef = 49CDFC541D16E27E00D42443 /* VocabularyModel.swift */; };
		49CDFC5B1D16E31200D42443 /* RNFrostedSidebar.m in Sources */ = {isa = PBXBuildFile; fileRef = 49CDFC5A1D16E31200D42443 /* RNFrostedSidebar.m */; };
		49CDFC6E1D213B3300D42443 /* ToastManager.swift in Sources */ = {isa = PBXBuildFile; fileRef = 49CDFC6D1D213B3300D42443 /* ToastManager.swift */; };
		49FC65F11B11D40E00C4D065 /* AppDelegate.swift in Sources */ = {isa = PBXBuildFile; fileRef = 49FC65F01B11D40E00C4D065 /* AppDelegate.swift */; };
		49FC65F81B11D40E00C4D065 /* Main.storyboard in Resources */ = {isa = PBXBuildFile; fileRef = 49FC65F61B11D40E00C4D065 /* Main.storyboard */; };
		49FC65FA1B11D40E00C4D065 /* Images.xcassets in Resources */ = {isa = PBXBuildFile; fileRef = 49FC65F91B11D40E00C4D065 /* Images.xcassets */; };
		49FC66091B11D40E00C4D065 /* LeafLanguageTests.swift in Sources */ = {isa = PBXBuildFile; fileRef = 49FC66081B11D40E00C4D065 /* LeafLanguageTests.swift */; };
		49FECD171D292440001B5533 /* GlossaryController.swift in Sources */ = {isa = PBXBuildFile; fileRef = 49FECD111D292440001B5533 /* GlossaryController.swift */; };
		49FECD181D292440001B5533 /* GroupController.swift in Sources */ = {isa = PBXBuildFile; fileRef = 49FECD121D292440001B5533 /* GroupController.swift */; };
		49FECD191D292440001B5533 /* ReviewController.swift in Sources */ = {isa = PBXBuildFile; fileRef = 49FECD131D292440001B5533 /* ReviewController.swift */; };
		49FECD1A1D292440001B5533 /* SelectController.swift in Sources */ = {isa = PBXBuildFile; fileRef = 49FECD141D292440001B5533 /* SelectController.swift */; };
		49FECD1B1D292440001B5533 /* SettingsController.swift in Sources */ = {isa = PBXBuildFile; fileRef = 49FECD151D292440001B5533 /* SettingsController.swift */; };
		49FECD1C1D292440001B5533 /* VocabularyController.swift in Sources */ = {isa = PBXBuildFile; fileRef = 49FECD161D292440001B5533 /* VocabularyController.swift */; };
/* End PBXBuildFile section */

/* Begin PBXContainerItemProxy section */
		4981D13F21835D240067E818 /* PBXContainerItemProxy */ = {
			isa = PBXContainerItemProxy;
			containerPortal = 49FC65E31B11D40D00C4D065 /* Project object */;
			proxyType = 1;
			remoteGlobalIDString = 4981D13C21835D240067E818;
			remoteInfo = "WatchApp Extension";
		};
		4981D14E21835D250067E818 /* PBXContainerItemProxy */ = {
			isa = PBXContainerItemProxy;
			containerPortal = 49FC65E31B11D40D00C4D065 /* Project object */;
			proxyType = 1;
			remoteGlobalIDString = 4981D13021835D230067E818;
			remoteInfo = WatchApp;
		};
		49FC66031B11D40E00C4D065 /* PBXContainerItemProxy */ = {
			isa = PBXContainerItemProxy;
			containerPortal = 49FC65E31B11D40D00C4D065 /* Project object */;
			proxyType = 1;
			remoteGlobalIDString = 49FC65EA1B11D40D00C4D065;
			remoteInfo = LeafLanguage;
		};
/* End PBXContainerItemProxy section */

/* Begin PBXCopyFilesBuildPhase section */
		4981D15621835D250067E818 /* Embed App Extensions */ = {
			isa = PBXCopyFilesBuildPhase;
			buildActionMask = 2147483647;
			dstPath = "";
			dstSubfolderSpec = 13;
			files = (
				4981D13E21835D240067E818 /* WatchApp Extension.appex in Embed App Extensions */,
			);
			name = "Embed App Extensions";
			runOnlyForDeploymentPostprocessing = 0;
		};
		4981D15821835D250067E818 /* Embed Watch Content */ = {
			isa = PBXCopyFilesBuildPhase;
			buildActionMask = 2147483647;
			dstPath = "$(CONTENTS_FOLDER_PATH)/Watch";
			dstSubfolderSpec = 16;
			files = (
				4981D15021835D250067E818 /* WatchApp.app in Embed Watch Content */,
			);
			name = "Embed Watch Content";
			runOnlyForDeploymentPostprocessing = 0;
		};
/* End PBXCopyFilesBuildPhase section */

/* Begin PBXFileReference section */
		494139F52185DBB90032D72F /* Watch.xcassets */ = {isa = PBXFileReference; lastKnownFileType = folder.assetcatalog; path = Watch.xcassets; sourceTree = "<group>"; };
		494139FF21860E980032D72F /* WatchSessionManager.swift */ = {isa = PBXFileReference; lastKnownFileType = sourcecode.swift; name = WatchSessionManager.swift; path = LeafLanguage/Manager/WatchSessionManager.swift; sourceTree = "<group>"; };
		497E1EB11B1393C9004BE176 /* URLPlayground.playground */ = {isa = PBXFileReference; lastKnownFileType = file.playground; path = URLPlayground.playground; sourceTree = "<group>"; xcLanguageSpecificationIdentifier = xcode.lang.swift; };
		4981D13121835D230067E818 /* WatchApp.app */ = {isa = PBXFileReference; explicitFileType = wrapper.application; includeInIndex = 0; path = WatchApp.app; sourceTree = BUILT_PRODUCTS_DIR; };
		4981D13421835D230067E818 /* Base */ = {isa = PBXFileReference; lastKnownFileType = file.storyboard; name = Base; path = Base.lproj/Interface.storyboard; sourceTree = "<group>"; };
		4981D13821835D240067E818 /* Info.plist */ = {isa = PBXFileReference; lastKnownFileType = text.plist.xml; path = Info.plist; sourceTree = "<group>"; };
		4981D13D21835D240067E818 /* WatchApp Extension.appex */ = {isa = PBXFileReference; explicitFileType = "wrapper.app-extension"; includeInIndex = 0; path = "WatchApp Extension.appex"; sourceTree = BUILT_PRODUCTS_DIR; };
		4981D14221835D240067E818 /* InterfaceController.swift */ = {isa = PBXFileReference; lastKnownFileType = sourcecode.swift; path = InterfaceController.swift; sourceTree = "<group>"; };
		4981D14421835D240067E818 /* ExtensionDelegate.swift */ = {isa = PBXFileReference; lastKnownFileType = sourcecode.swift; path = ExtensionDelegate.swift; sourceTree = "<group>"; };
		4981D14621835D240067E818 /* NotificationController.swift */ = {isa = PBXFileReference; lastKnownFileType = sourcecode.swift; path = NotificationController.swift; sourceTree = "<group>"; };
		4981D14821835D240067E818 /* ComplicationController.swift */ = {isa = PBXFileReference; lastKnownFileType = sourcecode.swift; path = ComplicationController.swift; sourceTree = "<group>"; };
		4981D14A21835D250067E818 /* Assets.xcassets */ = {isa = PBXFileReference; lastKnownFileType = folder.assetcatalog; path = Assets.xcassets; sourceTree = "<group>"; };
		4981D14C21835D250067E818 /* Info.plist */ = {isa = PBXFileReference; lastKnownFileType = text.plist.xml; path = Info.plist; sourceTree = "<group>"; };
		4981D14D21835D250067E818 /* PushNotificationPayload.apns */ = {isa = PBXFileReference; lastKnownFileType = text; path = PushNotificationPayload.apns; sourceTree = "<group>"; };
		4984626F1B1B81AF00C0A281 /* LeafConfig.swift */ = {isa = PBXFileReference; fileEncoding = 4; lastKnownFileType = sourcecode.swift; path = LeafConfig.swift; sourceTree = "<group>"; };
		49A74A8A1B373FB3001F1D59 /* LeafLanguage-Bridging-Header.h */ = {isa = PBXFileReference; lastKnownFileType = sourcecode.c.h; path = "LeafLanguage-Bridging-Header.h"; sourceTree = "<group>"; };
		49BCFAE62191DA2B005AFEDA /* WatchApp Extension.entitlements */ = {isa = PBXFileReference; lastKnownFileType = text.plist.entitlements; path = "WatchApp Extension.entitlements"; sourceTree = "<group>"; };
		49BCFAE72191DA39005AFEDA /* LeafLanguage.entitlements */ = {isa = PBXFileReference; lastKnownFileType = text.plist.entitlements; path = LeafLanguage.entitlements; sourceTree = "<group>"; };
		49BCFAE82191DA45005AFEDA /* WatchApp.entitlements */ = {isa = PBXFileReference; lastKnownFileType = text.plist.entitlements; path = WatchApp.entitlements; sourceTree = "<group>"; };
		49CDFC141D11373500D42443 /* MBProgressHUD.h */ = {isa = PBXFileReference; fileEncoding = 4; lastKnownFileType = sourcecode.c.h; name = MBProgressHUD.h; path = MBProgressHUD/MBProgressHUD.h; sourceTree = "<group>"; };
		49CDFC151D11373500D42443 /* MBProgressHUD.m */ = {isa = PBXFileReference; fileEncoding = 4; lastKnownFileType = sourcecode.c.objc; name = MBProgressHUD.m; path = MBProgressHUD/MBProgressHUD.m; sourceTree = "<group>"; };
		49CDFC4C1D16E24800D42443 /* SoundManager.swift */ = {isa = PBXFileReference; fileEncoding = 4; lastKnownFileType = sourcecode.swift; name = SoundManager.swift; path = LeafLanguage/Manager/SoundManager.swift; sourceTree = "<group>"; };
		49CDFC4E1D16E26C00D42443 /* ConnectionManager.swift */ = {isa = PBXFileReference; fileEncoding = 4; lastKnownFileType = sourcecode.swift; name = ConnectionManager.swift; path = LeafLanguage/Manager/ConnectionManager.swift; sourceTree = "<group>"; };
		49CDFC4F1D16E26C00D42443 /* DataIO.swift */ = {isa = PBXFileReference; fileEncoding = 4; lastKnownFileType = sourcecode.swift; name = DataIO.swift; path = LeafLanguage/Manager/DataIO.swift; sourceTree = "<group>"; };
		49CDFC521D16E27E00D42443 /* GlossaryModel.swift */ = {isa = PBXFileReference; fileEncoding = 4; lastKnownFileType = sourcecode.swift; name = GlossaryModel.swift; path = LeafLanguage/Model/GlossaryModel.swift; sourceTree = "<group>"; };
		49CDFC531D16E27E00D42443 /* ViewModel.swift */ = {isa = PBXFileReference; fileEncoding = 4; lastKnownFileType = sourcecode.swift; name = ViewModel.swift; path = LeafLanguage/Model/ViewModel.swift; sourceTree = "<group>"; };
		49CDFC541D16E27E00D42443 /* VocabularyModel.swift */ = {isa = PBXFileReference; fileEncoding = 4; lastKnownFileType = sourcecode.swift; name = VocabularyModel.swift; path = LeafLanguage/Model/VocabularyModel.swift; sourceTree = "<group>"; };
		49CDFC591D16E31200D42443 /* RNFrostedSidebar.h */ = {isa = PBXFileReference; fileEncoding = 4; lastKnownFileType = sourcecode.c.h; name = RNFrostedSidebar.h; path = RNFrostedSidebar/RNFrostedSidebar.h; sourceTree = "<group>"; };
		49CDFC5A1D16E31200D42443 /* RNFrostedSidebar.m */ = {isa = PBXFileReference; fileEncoding = 4; lastKnownFileType = sourcecode.c.objc; name = RNFrostedSidebar.m; path = RNFrostedSidebar/RNFrostedSidebar.m; sourceTree = "<group>"; };
		49CDFC6D1D213B3300D42443 /* ToastManager.swift */ = {isa = PBXFileReference; fileEncoding = 4; lastKnownFileType = sourcecode.swift; name = ToastManager.swift; path = LeafLanguage/Manager/ToastManager.swift; sourceTree = "<group>"; };
		49FC65EB1B11D40E00C4D065 /* LeafLanguage.app */ = {isa = PBXFileReference; explicitFileType = wrapper.application; includeInIndex = 0; path = LeafLanguage.app; sourceTree = BUILT_PRODUCTS_DIR; };
		49FC65EF1B11D40E00C4D065 /* Info.plist */ = {isa = PBXFileReference; lastKnownFileType = text.plist.xml; path = Info.plist; sourceTree = "<group>"; };
		49FC65F01B11D40E00C4D065 /* AppDelegate.swift */ = {isa = PBXFileReference; lastKnownFileType = sourcecode.swift; path = AppDelegate.swift; sourceTree = "<group>"; };
		49FC65F71B11D40E00C4D065 /* Base */ = {isa = PBXFileReference; lastKnownFileType = file.storyboard; name = Base; path = Base.lproj/Main.storyboard; sourceTree = "<group>"; };
		49FC65F91B11D40E00C4D065 /* Images.xcassets */ = {isa = PBXFileReference; lastKnownFileType = folder.assetcatalog; path = Images.xcassets; sourceTree = "<group>"; };
		49FC66021B11D40E00C4D065 /* LeafLanguageTests.xctest */ = {isa = PBXFileReference; explicitFileType = wrapper.cfbundle; includeInIndex = 0; path = LeafLanguageTests.xctest; sourceTree = BUILT_PRODUCTS_DIR; };
		49FC66071B11D40E00C4D065 /* Info.plist */ = {isa = PBXFileReference; lastKnownFileType = text.plist.xml; path = Info.plist; sourceTree = "<group>"; };
		49FC66081B11D40E00C4D065 /* LeafLanguageTests.swift */ = {isa = PBXFileReference; lastKnownFileType = sourcecode.swift; path = LeafLanguageTests.swift; sourceTree = "<group>"; };
		49FECD111D292440001B5533 /* GlossaryController.swift */ = {isa = PBXFileReference; fileEncoding = 4; lastKnownFileType = sourcecode.swift; name = GlossaryController.swift; path = LeafLanguage/Controller/GlossaryController.swift; sourceTree = "<group>"; };
		49FECD121D292440001B5533 /* GroupController.swift */ = {isa = PBXFileReference; fileEncoding = 4; lastKnownFileType = sourcecode.swift; name = GroupController.swift; path = LeafLanguage/Controller/GroupController.swift; sourceTree = "<group>"; };
		49FECD131D292440001B5533 /* ReviewController.swift */ = {isa = PBXFileReference; fileEncoding = 4; lastKnownFileType = sourcecode.swift; name = ReviewController.swift; path = LeafLanguage/Controller/ReviewController.swift; sourceTree = "<group>"; };
		49FECD141D292440001B5533 /* SelectController.swift */ = {isa = PBXFileReference; fileEncoding = 4; lastKnownFileType = sourcecode.swift; name = SelectController.swift; path = LeafLanguage/Controller/SelectController.swift; sourceTree = "<group>"; };
		49FECD151D292440001B5533 /* SettingsController.swift */ = {isa = PBXFileReference; fileEncoding = 4; lastKnownFileType = sourcecode.swift; name = SettingsController.swift; path = LeafLanguage/Controller/SettingsController.swift; sourceTree = "<group>"; };
		49FECD161D292440001B5533 /* VocabularyController.swift */ = {isa = PBXFileReference; fileEncoding = 4; lastKnownFileType = sourcecode.swift; name = VocabularyController.swift; path = LeafLanguage/Controller/VocabularyController.swift; sourceTree = "<group>"; };
/* End PBXFileReference section */

/* Begin PBXFrameworksBuildPhase section */
		4981D13A21835D240067E818 /* Frameworks */ = {
			isa = PBXFrameworksBuildPhase;
			buildActionMask = 2147483647;
			files = (
			);
			runOnlyForDeploymentPostprocessing = 0;
		};
		49FC65E81B11D40D00C4D065 /* Frameworks */ = {
			isa = PBXFrameworksBuildPhase;
			buildActionMask = 2147483647;
			files = (
			);
			runOnlyForDeploymentPostprocessing = 0;
		};
		49FC65FF1B11D40E00C4D065 /* Frameworks */ = {
			isa = PBXFrameworksBuildPhase;
			buildActionMask = 2147483647;
			files = (
			);
			runOnlyForDeploymentPostprocessing = 0;
		};
/* End PBXFrameworksBuildPhase section */

/* Begin PBXGroup section */
		496DCDEF1D0FCD67000A9841 /* DataManager */ = {
			isa = PBXGroup;
			children = (
				4984626F1B1B81AF00C0A281 /* LeafConfig.swift */,
				49CDFC4E1D16E26C00D42443 /* ConnectionManager.swift */,
				49CDFC4F1D16E26C00D42443 /* DataIO.swift */,
				494139FF21860E980032D72F /* WatchSessionManager.swift */,
			);
			name = DataManager;
			sourceTree = "<group>";
		};
		496DCDF41D0FE878000A9841 /* ModelManager */ = {
			isa = PBXGroup;
			children = (
				49CDFC521D16E27E00D42443 /* GlossaryModel.swift */,
				49CDFC531D16E27E00D42443 /* ViewModel.swift */,
				49CDFC541D16E27E00D42443 /* VocabularyModel.swift */,
			);
			name = ModelManager;
			sourceTree = "<group>";
		};
		4981D13221835D230067E818 /* WatchApp */ = {
			isa = PBXGroup;
			children = (
				49BCFAE82191DA45005AFEDA /* WatchApp.entitlements */,
				494139F52185DBB90032D72F /* Watch.xcassets */,
				4981D13321835D230067E818 /* Interface.storyboard */,
				4981D13821835D240067E818 /* Info.plist */,
			);
			path = WatchApp;
			sourceTree = "<group>";
		};
		4981D14121835D240067E818 /* WatchApp Extension */ = {
			isa = PBXGroup;
			children = (
				49BCFAE62191DA2B005AFEDA /* WatchApp Extension.entitlements */,
				4981D14221835D240067E818 /* InterfaceController.swift */,
				4981D14421835D240067E818 /* ExtensionDelegate.swift */,
				4981D14621835D240067E818 /* NotificationController.swift */,
				4981D14821835D240067E818 /* ComplicationController.swift */,
				4981D14A21835D250067E818 /* Assets.xcassets */,
				4981D14C21835D250067E818 /* Info.plist */,
				4981D14D21835D250067E818 /* PushNotificationPayload.apns */,
			);
			path = "WatchApp Extension";
			sourceTree = "<group>";
		};
		49CDFC131D11370700D42443 /* MBProgressHUD */ = {
			isa = PBXGroup;
			children = (
				49CDFC141D11373500D42443 /* MBProgressHUD.h */,
				49CDFC151D11373500D42443 /* MBProgressHUD.m */,
			);
			name = MBProgressHUD;
			sourceTree = "<group>";
		};
		49CDFC491D1187C000D42443 /* ControlManager */ = {
			isa = PBXGroup;
			children = (
				49CDFC4C1D16E24800D42443 /* SoundManager.swift */,
				49CDFC6D1D213B3300D42443 /* ToastManager.swift */,
			);
			name = ControlManager;
			sourceTree = "<group>";
		};
		49CDFC581D16E2F000D42443 /* RNFrostedSidebar */ = {
			isa = PBXGroup;
			children = (
				49CDFC591D16E31200D42443 /* RNFrostedSidebar.h */,
				49CDFC5A1D16E31200D42443 /* RNFrostedSidebar.m */,
			);
			name = RNFrostedSidebar;
			sourceTree = "<group>";
		};
		49CDFC681D1FE32500D42443 /* Controller */ = {
			isa = PBXGroup;
			children = (
				49FECD111D292440001B5533 /* GlossaryController.swift */,
				49FECD121D292440001B5533 /* GroupController.swift */,
				49FECD131D292440001B5533 /* ReviewController.swift */,
				49FECD141D292440001B5533 /* SelectController.swift */,
				49FECD151D292440001B5533 /* SettingsController.swift */,
				49FECD161D292440001B5533 /* VocabularyController.swift */,
			);
			name = Controller;
			sourceTree = "<group>";
		};
		49FC65E21B11D40D00C4D065 = {
			isa = PBXGroup;
			children = (
				49CDFC681D1FE32500D42443 /* Controller */,
				49CDFC581D16E2F000D42443 /* RNFrostedSidebar */,
				49CDFC491D1187C000D42443 /* ControlManager */,
				49CDFC131D11370700D42443 /* MBProgressHUD */,
				496DCDF41D0FE878000A9841 /* ModelManager */,
				496DCDEF1D0FCD67000A9841 /* DataManager */,
				49FC65ED1B11D40E00C4D065 /* LeafLanguage */,
				49FC66051B11D40E00C4D065 /* LeafLanguageTests */,
				4981D13221835D230067E818 /* WatchApp */,
				4981D14121835D240067E818 /* WatchApp Extension */,
				49FC65EC1B11D40E00C4D065 /* Products */,
			);
			sourceTree = "<group>";
		};
		49FC65EC1B11D40E00C4D065 /* Products */ = {
			isa = PBXGroup;
			children = (
				49FC65EB1B11D40E00C4D065 /* LeafLanguage.app */,
				49FC66021B11D40E00C4D065 /* LeafLanguageTests.xctest */,
				4981D13121835D230067E818 /* WatchApp.app */,
				4981D13D21835D240067E818 /* WatchApp Extension.appex */,
			);
			name = Products;
			sourceTree = "<group>";
		};
		49FC65ED1B11D40E00C4D065 /* LeafLanguage */ = {
			isa = PBXGroup;
			children = (
				49BCFAE72191DA39005AFEDA /* LeafLanguage.entitlements */,
				49FC65F01B11D40E00C4D065 /* AppDelegate.swift */,
				49FC65F61B11D40E00C4D065 /* Main.storyboard */,
				49FC65F91B11D40E00C4D065 /* Images.xcassets */,
				49FC65EE1B11D40E00C4D065 /* Supporting Files */,
				497E1EB11B1393C9004BE176 /* URLPlayground.playground */,
				49A74A8A1B373FB3001F1D59 /* LeafLanguage-Bridging-Header.h */,
			);
			path = LeafLanguage;
			sourceTree = "<group>";
		};
		49FC65EE1B11D40E00C4D065 /* Supporting Files */ = {
			isa = PBXGroup;
			children = (
				49FC65EF1B11D40E00C4D065 /* Info.plist */,
			);
			name = "Supporting Files";
			sourceTree = "<group>";
		};
		49FC66051B11D40E00C4D065 /* LeafLanguageTests */ = {
			isa = PBXGroup;
			children = (
				49FC66081B11D40E00C4D065 /* LeafLanguageTests.swift */,
				49FC66061B11D40E00C4D065 /* Supporting Files */,
			);
			path = LeafLanguageTests;
			sourceTree = "<group>";
		};
		49FC66061B11D40E00C4D065 /* Supporting Files */ = {
			isa = PBXGroup;
			children = (
				49FC66071B11D40E00C4D065 /* Info.plist */,
			);
			name = "Supporting Files";
			sourceTree = "<group>";
		};
/* End PBXGroup section */

/* Begin PBXNativeTarget section */
		4981D13021835D230067E818 /* WatchApp */ = {
			isa = PBXNativeTarget;
			buildConfigurationList = 4981D15721835D250067E818 /* Build configuration list for PBXNativeTarget "WatchApp" */;
			buildPhases = (
				4981D12F21835D230067E818 /* Resources */,
				4981D15621835D250067E818 /* Embed App Extensions */,
			);
			buildRules = (
			);
			dependencies = (
				4981D14021835D240067E818 /* PBXTargetDependency */,
			);
			name = WatchApp;
			productName = WatchApp;
			productReference = 4981D13121835D230067E818 /* WatchApp.app */;
			productType = "com.apple.product-type.application.watchapp2";
		};
		4981D13C21835D240067E818 /* WatchApp Extension */ = {
			isa = PBXNativeTarget;
			buildConfigurationList = 4981D15521835D250067E818 /* Build configuration list for PBXNativeTarget "WatchApp Extension" */;
			buildPhases = (
				4981D13921835D240067E818 /* Sources */,
				4981D13A21835D240067E818 /* Frameworks */,
				4981D13B21835D240067E818 /* Resources */,
			);
			buildRules = (
			);
			dependencies = (
			);
			name = "WatchApp Extension";
			productName = "WatchApp Extension";
			productReference = 4981D13D21835D240067E818 /* WatchApp Extension.appex */;
			productType = "com.apple.product-type.watchkit2-extension";
		};
		49FC65EA1B11D40D00C4D065 /* LeafLanguage */ = {
			isa = PBXNativeTarget;
			buildConfigurationList = 49FC660C1B11D40E00C4D065 /* Build configuration list for PBXNativeTarget "LeafLanguage" */;
			buildPhases = (
				49FC65E71B11D40D00C4D065 /* Sources */,
				49FC65E81B11D40D00C4D065 /* Frameworks */,
				49FC65E91B11D40D00C4D065 /* Resources */,
				4981D15821835D250067E818 /* Embed Watch Content */,
			);
			buildRules = (
			);
			dependencies = (
				4981D14F21835D250067E818 /* PBXTargetDependency */,
			);
			name = LeafLanguage;
			productName = LeafLanguage;
			productReference = 49FC65EB1B11D40E00C4D065 /* LeafLanguage.app */;
			productType = "com.apple.product-type.application";
		};
		49FC66011B11D40E00C4D065 /* LeafLanguageTests */ = {
			isa = PBXNativeTarget;
			buildConfigurationList = 49FC660F1B11D40E00C4D065 /* Build configuration list for PBXNativeTarget "LeafLanguageTests" */;
			buildPhases = (
				49FC65FE1B11D40E00C4D065 /* Sources */,
				49FC65FF1B11D40E00C4D065 /* Frameworks */,
				49FC66001B11D40E00C4D065 /* Resources */,
			);
			buildRules = (
			);
			dependencies = (
				49FC66041B11D40E00C4D065 /* PBXTargetDependency */,
			);
			name = LeafLanguageTests;
			productName = LeafLanguageTests;
			productReference = 49FC66021B11D40E00C4D065 /* LeafLanguageTests.xctest */;
			productType = "com.apple.product-type.bundle.unit-test";
		};
/* End PBXNativeTarget section */

/* Begin PBXProject section */
		49FC65E31B11D40D00C4D065 /* Project object */ = {
			isa = PBXProject;
			attributes = {
				LastSwiftMigration = 0730;
				LastSwiftUpdateCheck = 0940;
				LastUpgradeCheck = 0730;
				ORGANIZATIONNAME = LeafMaple;
				TargetAttributes = {
					4981D13021835D230067E818 = {
						CreatedOnToolsVersion = 9.4.1;
						DevelopmentTeam = 4EWH4YWAKN;
						ProvisioningStyle = Automatic;
						SystemCapabilities = {
							com.apple.ApplicationGroups.iOS = {
								enabled = 1;
							};
						};
					};
					4981D13C21835D240067E818 = {
						CreatedOnToolsVersion = 9.4.1;
						DevelopmentTeam = 4EWH4YWAKN;
						ProvisioningStyle = Automatic;
						SystemCapabilities = {
							com.apple.ApplicationGroups.iOS = {
								enabled = 1;
							};
						};
					};
					49FC65EA1B11D40D00C4D065 = {
						CreatedOnToolsVersion = 6.3.2;
						DevelopmentTeam = 4EWH4YWAKN;
						LastSwiftMigration = 0800;
						ProvisioningStyle = Automatic;
						SystemCapabilities = {
							com.apple.ApplicationGroups.iOS = {
								enabled = 1;
							};
						};
					};
					49FC66011B11D40E00C4D065 = {
						CreatedOnToolsVersion = 6.3.2;
						DevelopmentTeam = 4EWH4YWAKN;
						LastSwiftMigration = 0800;
						TestTargetID = 49FC65EA1B11D40D00C4D065;
					};
				};
			};
			buildConfigurationList = 49FC65E61B11D40D00C4D065 /* Build configuration list for PBXProject "LeafLanguage" */;
			compatibilityVersion = "Xcode 3.2";
			developmentRegion = English;
			hasScannedForEncodings = 0;
			knownRegions = (
				en,
				Base,
			);
			mainGroup = 49FC65E21B11D40D00C4D065;
			productRefGroup = 49FC65EC1B11D40E00C4D065 /* Products */;
			projectDirPath = "";
			projectRoot = "";
			targets = (
				49FC65EA1B11D40D00C4D065 /* LeafLanguage */,
				49FC66011B11D40E00C4D065 /* LeafLanguageTests */,
				4981D13021835D230067E818 /* WatchApp */,
				4981D13C21835D240067E818 /* WatchApp Extension */,
			);
		};
/* End PBXProject section */

/* Begin PBXResourcesBuildPhase section */
		4981D12F21835D230067E818 /* Resources */ = {
			isa = PBXResourcesBuildPhase;
			buildActionMask = 2147483647;
			files = (
				4981D13521835D230067E818 /* Interface.storyboard in Resources */,
				494139F62185DBB90032D72F /* Watch.xcassets in Resources */,
			);
			runOnlyForDeploymentPostprocessing = 0;
		};
		4981D13B21835D240067E818 /* Resources */ = {
			isa = PBXResourcesBuildPhase;
			buildActionMask = 2147483647;
			files = (
				4981D14B21835D250067E818 /* Assets.xcassets in Resources */,
			);
			runOnlyForDeploymentPostprocessing = 0;
		};
		49FC65E91B11D40D00C4D065 /* Resources */ = {
			isa = PBXResourcesBuildPhase;
			buildActionMask = 2147483647;
			files = (
				49FC65F81B11D40E00C4D065 /* Main.storyboard in Resources */,
				49FC65FA1B11D40E00C4D065 /* Images.xcassets in Resources */,
			);
			runOnlyForDeploymentPostprocessing = 0;
		};
		49FC66001B11D40E00C4D065 /* Resources */ = {
			isa = PBXResourcesBuildPhase;
			buildActionMask = 2147483647;
			files = (
			);
			runOnlyForDeploymentPostprocessing = 0;
		};
/* End PBXResourcesBuildPhase section */

/* Begin PBXSourcesBuildPhase section */
		4981D13921835D240067E818 /* Sources */ = {
			isa = PBXSourcesBuildPhase;
			buildActionMask = 2147483647;
			files = (
				49BCFAE9219202BA005AFEDA /* DataIO.swift in Sources */,
				4981D14721835D240067E818 /* NotificationController.swift in Sources */,
				4981D14921835D240067E818 /* ComplicationController.swift in Sources */,
				49BCFAEA219203A8005AFEDA /* GlossaryModel.swift in Sources */,
				4981D14521835D240067E818 /* ExtensionDelegate.swift in Sources */,
				49413A04218615F70032D72F /* LeafConfig.swift in Sources */,
				4981D14321835D240067E818 /* InterfaceController.swift in Sources */,
				49413A01218611400032D72F /* WatchSessionManager.swift in Sources */,
			);
			runOnlyForDeploymentPostprocessing = 0;
		};
		49FC65E71B11D40D00C4D065 /* Sources */ = {
			isa = PBXSourcesBuildPhase;
			buildActionMask = 2147483647;
			files = (
				498462701B1B81AF00C0A281 /* LeafConfig.swift in Sources */,
				49FECD191D292440001B5533 /* ReviewController.swift in Sources */,
				49FECD181D292440001B5533 /* GroupController.swift in Sources */,
				49CDFC501D16E26C00D42443 /* ConnectionManager.swift in Sources */,
				49CDFC551D16E27E00D42443 /* GlossaryModel.swift in Sources */,
				49FECD171D292440001B5533 /* GlossaryController.swift in Sources */,
				49413A0521861A770032D72F /* WatchSessionManager.swift in Sources */,
				49CDFC5B1D16E31200D42443 /* RNFrostedSidebar.m in Sources */,
				49FC65F11B11D40E00C4D065 /* AppDelegate.swift in Sources */,
				49FECD1B1D292440001B5533 /* SettingsController.swift in Sources */,
				49FECD1C1D292440001B5533 /* VocabularyController.swift in Sources */,
				49CDFC4D1D16E24800D42443 /* SoundManager.swift in Sources */,
				49CDFC511D16E26C00D42443 /* DataIO.swift in Sources */,
				49CDFC561D16E27E00D42443 /* ViewModel.swift in Sources */,
				49FECD1A1D292440001B5533 /* SelectController.swift in Sources */,
				49CDFC161D11373500D42443 /* MBProgressHUD.m in Sources */,
				49CDFC6E1D213B3300D42443 /* ToastManager.swift in Sources */,
				49CDFC571D16E27E00D42443 /* VocabularyModel.swift in Sources */,
			);
			runOnlyForDeploymentPostprocessing = 0;
		};
		49FC65FE1B11D40E00C4D065 /* Sources */ = {
			isa = PBXSourcesBuildPhase;
			buildActionMask = 2147483647;
			files = (
				49FC66091B11D40E00C4D065 /* LeafLanguageTests.swift in Sources */,
			);
			runOnlyForDeploymentPostprocessing = 0;
		};
/* End PBXSourcesBuildPhase section */

/* Begin PBXTargetDependency section */
		4981D14021835D240067E818 /* PBXTargetDependency */ = {
			isa = PBXTargetDependency;
			target = 4981D13C21835D240067E818 /* WatchApp Extension */;
			targetProxy = 4981D13F21835D240067E818 /* PBXContainerItemProxy */;
		};
		4981D14F21835D250067E818 /* PBXTargetDependency */ = {
			isa = PBXTargetDependency;
			target = 4981D13021835D230067E818 /* WatchApp */;
			targetProxy = 4981D14E21835D250067E818 /* PBXContainerItemProxy */;
		};
		49FC66041B11D40E00C4D065 /* PBXTargetDependency */ = {
			isa = PBXTargetDependency;
			target = 49FC65EA1B11D40D00C4D065 /* LeafLanguage */;
			targetProxy = 49FC66031B11D40E00C4D065 /* PBXContainerItemProxy */;
		};
/* End PBXTargetDependency section */

/* Begin PBXVariantGroup section */
		4981D13321835D230067E818 /* Interface.storyboard */ = {
			isa = PBXVariantGroup;
			children = (
				4981D13421835D230067E818 /* Base */,
			);
			name = Interface.storyboard;
			sourceTree = "<group>";
		};
		49FC65F61B11D40E00C4D065 /* Main.storyboard */ = {
			isa = PBXVariantGroup;
			children = (
				49FC65F71B11D40E00C4D065 /* Base */,
			);
			name = Main.storyboard;
			sourceTree = "<group>";
		};
/* End PBXVariantGroup section */

/* Begin XCBuildConfiguration section */
		4981D15121835D250067E818 /* Debug */ = {
			isa = XCBuildConfiguration;
			buildSettings = {
				ALWAYS_EMBED_SWIFT_STANDARD_LIBRARIES = YES;
				ASSETCATALOG_COMPILER_APPICON_NAME = AppIcon;
				CLANG_ANALYZER_NONNULL = YES;
				CLANG_ANALYZER_NUMBER_OBJECT_CONVERSION = YES_AGGRESSIVE;
				CLANG_CXX_LANGUAGE_STANDARD = "gnu++14";
				CLANG_ENABLE_OBJC_WEAK = YES;
				CLANG_WARN_BLOCK_CAPTURE_AUTORELEASING = YES;
				CLANG_WARN_COMMA = YES;
				CLANG_WARN_DEPRECATED_OBJC_IMPLEMENTATIONS = YES;
				CLANG_WARN_DOCUMENTATION_COMMENTS = YES;
				CLANG_WARN_INFINITE_RECURSION = YES;
				CLANG_WARN_NON_LITERAL_NULL_CONVERSION = YES;
				CLANG_WARN_OBJC_IMPLICIT_RETAIN_SELF = YES;
				CLANG_WARN_OBJC_LITERAL_CONVERSION = YES;
				CLANG_WARN_RANGE_LOOP_ANALYSIS = YES;
				CLANG_WARN_STRICT_PROTOTYPES = YES;
				CLANG_WARN_SUSPICIOUS_MOVE = YES;
				CLANG_WARN_UNGUARDED_AVAILABILITY = YES_AGGRESSIVE;
				CODE_SIGN_ENTITLEMENTS = WatchApp/WatchApp.entitlements;
				CODE_SIGN_IDENTITY = "iPhone Developer";
				"CODE_SIGN_IDENTITY[sdk=iphoneos*]" = "iPhone Developer";
				CODE_SIGN_STYLE = Automatic;
				DEBUG_INFORMATION_FORMAT = dwarf;
				DEVELOPMENT_TEAM = 4EWH4YWAKN;
				GCC_C_LANGUAGE_STANDARD = gnu11;
				IBSC_MODULE = WatchApp_Extension;
				INFOPLIST_FILE = WatchApp/Info.plist;
				PRODUCT_BUNDLE_IDENTIFIER = com.leafvmaple.language.watchkitapp;
				PRODUCT_NAME = "$(TARGET_NAME)";
				PROVISIONING_PROFILE_SPECIFIER = "";
				SDKROOT = watchos;
				SKIP_INSTALL = YES;
				SWIFT_ACTIVE_COMPILATION_CONDITIONS = DEBUG;
				SWIFT_VERSION = 4.0;
				TARGETED_DEVICE_FAMILY = 4;
				WATCHOS_DEPLOYMENT_TARGET = 4.3;
			};
			name = Debug;
		};
		4981D15221835D250067E818 /* Release */ = {
			isa = XCBuildConfiguration;
			buildSettings = {
				ALWAYS_EMBED_SWIFT_STANDARD_LIBRARIES = YES;
				ASSETCATALOG_COMPILER_APPICON_NAME = AppIcon;
				CLANG_ANALYZER_NONNULL = YES;
				CLANG_ANALYZER_NUMBER_OBJECT_CONVERSION = YES_AGGRESSIVE;
				CLANG_CXX_LANGUAGE_STANDARD = "gnu++14";
				CLANG_ENABLE_OBJC_WEAK = YES;
				CLANG_WARN_BLOCK_CAPTURE_AUTORELEASING = YES;
				CLANG_WARN_COMMA = YES;
				CLANG_WARN_DEPRECATED_OBJC_IMPLEMENTATIONS = YES;
				CLANG_WARN_DOCUMENTATION_COMMENTS = YES;
				CLANG_WARN_INFINITE_RECURSION = YES;
				CLANG_WARN_NON_LITERAL_NULL_CONVERSION = YES;
				CLANG_WARN_OBJC_IMPLICIT_RETAIN_SELF = YES;
				CLANG_WARN_OBJC_LITERAL_CONVERSION = YES;
				CLANG_WARN_RANGE_LOOP_ANALYSIS = YES;
				CLANG_WARN_STRICT_PROTOTYPES = YES;
				CLANG_WARN_SUSPICIOUS_MOVE = YES;
				CLANG_WARN_UNGUARDED_AVAILABILITY = YES_AGGRESSIVE;
				CODE_SIGN_ENTITLEMENTS = WatchApp/WatchApp.entitlements;
				CODE_SIGN_IDENTITY = "iPhone Developer";
				"CODE_SIGN_IDENTITY[sdk=iphoneos*]" = "iPhone Developer";
				CODE_SIGN_STYLE = Automatic;
				DEVELOPMENT_TEAM = 4EWH4YWAKN;
				GCC_C_LANGUAGE_STANDARD = gnu11;
				IBSC_MODULE = WatchApp_Extension;
				INFOPLIST_FILE = WatchApp/Info.plist;
				PRODUCT_BUNDLE_IDENTIFIER = com.leafvmaple.language.watchkitapp;
				PRODUCT_NAME = "$(TARGET_NAME)";
				PROVISIONING_PROFILE_SPECIFIER = "";
				SDKROOT = watchos;
				SKIP_INSTALL = YES;
				SWIFT_OPTIMIZATION_LEVEL = "-Owholemodule";
				SWIFT_VERSION = 4.0;
				TARGETED_DEVICE_FAMILY = 4;
				WATCHOS_DEPLOYMENT_TARGET = 4.3;
			};
			name = Release;
		};
		4981D15321835D250067E818 /* Debug */ = {
			isa = XCBuildConfiguration;
			buildSettings = {
				ASSETCATALOG_COMPILER_COMPLICATION_NAME = Complication;
				CLANG_ANALYZER_NONNULL = YES;
				CLANG_ANALYZER_NUMBER_OBJECT_CONVERSION = YES_AGGRESSIVE;
				CLANG_CXX_LANGUAGE_STANDARD = "gnu++14";
				CLANG_ENABLE_OBJC_WEAK = YES;
				CLANG_WARN_BLOCK_CAPTURE_AUTORELEASING = YES;
				CLANG_WARN_COMMA = YES;
				CLANG_WARN_DEPRECATED_OBJC_IMPLEMENTATIONS = YES;
				CLANG_WARN_DOCUMENTATION_COMMENTS = YES;
				CLANG_WARN_INFINITE_RECURSION = YES;
				CLANG_WARN_NON_LITERAL_NULL_CONVERSION = YES;
				CLANG_WARN_OBJC_IMPLICIT_RETAIN_SELF = YES;
				CLANG_WARN_OBJC_LITERAL_CONVERSION = YES;
				CLANG_WARN_RANGE_LOOP_ANALYSIS = YES;
				CLANG_WARN_STRICT_PROTOTYPES = YES;
				CLANG_WARN_SUSPICIOUS_MOVE = YES;
				CLANG_WARN_UNGUARDED_AVAILABILITY = YES_AGGRESSIVE;
				CODE_SIGN_ENTITLEMENTS = "WatchApp Extension/WatchApp Extension.entitlements";
				CODE_SIGN_STYLE = Automatic;
				DEBUG_INFORMATION_FORMAT = dwarf;
				DEVELOPMENT_TEAM = 4EWH4YWAKN;
				GCC_C_LANGUAGE_STANDARD = gnu11;
				INFOPLIST_FILE = "WatchApp Extension/Info.plist";
				LD_RUNPATH_SEARCH_PATHS = "$(inherited) @executable_path/Frameworks @executable_path/../../Frameworks";
				PRODUCT_BUNDLE_IDENTIFIER = com.leafvmaple.language.watchkitapp.watchkitextension;
				PRODUCT_NAME = "${TARGET_NAME}";
				SDKROOT = watchos;
				SKIP_INSTALL = YES;
				SWIFT_ACTIVE_COMPILATION_CONDITIONS = DEBUG;
				SWIFT_VERSION = 4.0;
				TARGETED_DEVICE_FAMILY = 4;
				WATCHOS_DEPLOYMENT_TARGET = 4.3;
			};
			name = Debug;
		};
		4981D15421835D250067E818 /* Release */ = {
			isa = XCBuildConfiguration;
			buildSettings = {
				ASSETCATALOG_COMPILER_COMPLICATION_NAME = Complication;
				CLANG_ANALYZER_NONNULL = YES;
				CLANG_ANALYZER_NUMBER_OBJECT_CONVERSION = YES_AGGRESSIVE;
				CLANG_CXX_LANGUAGE_STANDARD = "gnu++14";
				CLANG_ENABLE_OBJC_WEAK = YES;
				CLANG_WARN_BLOCK_CAPTURE_AUTORELEASING = YES;
				CLANG_WARN_COMMA = YES;
				CLANG_WARN_DEPRECATED_OBJC_IMPLEMENTATIONS = YES;
				CLANG_WARN_DOCUMENTATION_COMMENTS = YES;
				CLANG_WARN_INFINITE_RECURSION = YES;
				CLANG_WARN_NON_LITERAL_NULL_CONVERSION = YES;
				CLANG_WARN_OBJC_IMPLICIT_RETAIN_SELF = YES;
				CLANG_WARN_OBJC_LITERAL_CONVERSION = YES;
				CLANG_WARN_RANGE_LOOP_ANALYSIS = YES;
				CLANG_WARN_STRICT_PROTOTYPES = YES;
				CLANG_WARN_SUSPICIOUS_MOVE = YES;
				CLANG_WARN_UNGUARDED_AVAILABILITY = YES_AGGRESSIVE;
				CODE_SIGN_ENTITLEMENTS = "WatchApp Extension/WatchApp Extension.entitlements";
				CODE_SIGN_STYLE = Automatic;
				DEVELOPMENT_TEAM = 4EWH4YWAKN;
				GCC_C_LANGUAGE_STANDARD = gnu11;
				INFOPLIST_FILE = "WatchApp Extension/Info.plist";
				LD_RUNPATH_SEARCH_PATHS = "$(inherited) @executable_path/Frameworks @executable_path/../../Frameworks";
				PRODUCT_BUNDLE_IDENTIFIER = com.leafvmaple.language.watchkitapp.watchkitextension;
				PRODUCT_NAME = "${TARGET_NAME}";
				SDKROOT = watchos;
				SKIP_INSTALL = YES;
				SWIFT_OPTIMIZATION_LEVEL = "-Owholemodule";
				SWIFT_VERSION = 4.0;
				TARGETED_DEVICE_FAMILY = 4;
				WATCHOS_DEPLOYMENT_TARGET = 4.3;
			};
			name = Release;
		};
		49FC660A1B11D40E00C4D065 /* Debug */ = {
			isa = XCBuildConfiguration;
			buildSettings = {
				ALWAYS_SEARCH_USER_PATHS = NO;
				CLANG_CXX_LANGUAGE_STANDARD = "gnu++0x";
				CLANG_CXX_LIBRARY = "libc++";
				CLANG_ENABLE_MODULES = YES;
				CLANG_ENABLE_OBJC_ARC = YES;
				CLANG_WARN_BOOL_CONVERSION = YES;
				CLANG_WARN_CONSTANT_CONVERSION = YES;
				CLANG_WARN_DIRECT_OBJC_ISA_USAGE = YES_ERROR;
				CLANG_WARN_EMPTY_BODY = YES;
				CLANG_WARN_ENUM_CONVERSION = YES;
				CLANG_WARN_INT_CONVERSION = YES;
				CLANG_WARN_OBJC_ROOT_CLASS = YES_ERROR;
				CLANG_WARN_UNREACHABLE_CODE = YES;
				CLANG_WARN__DUPLICATE_METHOD_MATCH = YES;
				"CODE_SIGN_IDENTITY[sdk=iphoneos*]" = "iPhone Developer: leafvmaple@163.com (6D25A8DTLY)";
				COPY_PHASE_STRIP = NO;
				DEBUG_INFORMATION_FORMAT = "dwarf-with-dsym";
				ENABLE_STRICT_OBJC_MSGSEND = YES;
				ENABLE_TESTABILITY = YES;
				GCC_C_LANGUAGE_STANDARD = gnu99;
				GCC_DYNAMIC_NO_PIC = NO;
				GCC_NO_COMMON_BLOCKS = YES;
				GCC_OPTIMIZATION_LEVEL = 0;
				GCC_PREPROCESSOR_DEFINITIONS = (
					"DEBUG=1",
					"$(inherited)",
				);
				GCC_SYMBOLS_PRIVATE_EXTERN = NO;
				GCC_WARN_64_TO_32_BIT_CONVERSION = YES;
				GCC_WARN_ABOUT_RETURN_TYPE = YES_ERROR;
				GCC_WARN_UNDECLARED_SELECTOR = YES;
				GCC_WARN_UNINITIALIZED_AUTOS = YES_AGGRESSIVE;
				GCC_WARN_UNUSED_FUNCTION = YES;
				GCC_WARN_UNUSED_VARIABLE = YES;
				IPHONEOS_DEPLOYMENT_TARGET = 9.3;
				MTL_ENABLE_DEBUG_INFO = YES;
				ONLY_ACTIVE_ARCH = YES;
				SDKROOT = iphoneos;
				SWIFT_OPTIMIZATION_LEVEL = "-Onone";
				TARGETED_DEVICE_FAMILY = "1,2";
			};
			name = Debug;
		};
		49FC660B1B11D40E00C4D065 /* Release */ = {
			isa = XCBuildConfiguration;
			buildSettings = {
				ALWAYS_SEARCH_USER_PATHS = NO;
				CLANG_CXX_LANGUAGE_STANDARD = "gnu++0x";
				CLANG_CXX_LIBRARY = "libc++";
				CLANG_ENABLE_MODULES = YES;
				CLANG_ENABLE_OBJC_ARC = YES;
				CLANG_WARN_BOOL_CONVERSION = YES;
				CLANG_WARN_CONSTANT_CONVERSION = YES;
				CLANG_WARN_DIRECT_OBJC_ISA_USAGE = YES_ERROR;
				CLANG_WARN_EMPTY_BODY = YES;
				CLANG_WARN_ENUM_CONVERSION = YES;
				CLANG_WARN_INT_CONVERSION = YES;
				CLANG_WARN_OBJC_ROOT_CLASS = YES_ERROR;
				CLANG_WARN_UNREACHABLE_CODE = YES;
				CLANG_WARN__DUPLICATE_METHOD_MATCH = YES;
				"CODE_SIGN_IDENTITY[sdk=iphoneos*]" = "iPhone Developer: leafvmaple@163.com (6D25A8DTLY)";
				COPY_PHASE_STRIP = NO;
				DEBUG_INFORMATION_FORMAT = "dwarf-with-dsym";
				ENABLE_NS_ASSERTIONS = NO;
				ENABLE_STRICT_OBJC_MSGSEND = YES;
				GCC_C_LANGUAGE_STANDARD = gnu99;
				GCC_NO_COMMON_BLOCKS = YES;
				GCC_WARN_64_TO_32_BIT_CONVERSION = YES;
				GCC_WARN_ABOUT_RETURN_TYPE = YES_ERROR;
				GCC_WARN_UNDECLARED_SELECTOR = YES;
				GCC_WARN_UNINITIALIZED_AUTOS = YES_AGGRESSIVE;
				GCC_WARN_UNUSED_FUNCTION = YES;
				GCC_WARN_UNUSED_VARIABLE = YES;
				IPHONEOS_DEPLOYMENT_TARGET = 9.3;
				MTL_ENABLE_DEBUG_INFO = NO;
				SDKROOT = iphoneos;
				TARGETED_DEVICE_FAMILY = "1,2";
				VALIDATE_PRODUCT = YES;
			};
			name = Release;
		};
		49FC660D1B11D40E00C4D065 /* Debug */ = {
			isa = XCBuildConfiguration;
			buildSettings = {
				ALWAYS_EMBED_SWIFT_STANDARD_LIBRARIES = YES;
				ASSETCATALOG_COMPILER_APPICON_NAME = AppIcon;
				ASSETCATALOG_COMPILER_LAUNCHIMAGE_NAME = LaunchImage;
				CLANG_ENABLE_MODULES = YES;
				CODE_SIGN_ENTITLEMENTS = LeafLanguage/LeafLanguage.entitlements;
				CODE_SIGN_IDENTITY = "iPhone Developer";
				"CODE_SIGN_IDENTITY[sdk=iphoneos*]" = "iPhone Developer";
				CODE_SIGN_STYLE = Automatic;
				DEVELOPMENT_TEAM = 4EWH4YWAKN;
				INFOPLIST_FILE = LeafLanguage/Info.plist;
				IPHONEOS_DEPLOYMENT_TARGET = 10.3;
				LD_RUNPATH_SEARCH_PATHS = "$(inherited) @executable_path/Frameworks";
				PRODUCT_BUNDLE_IDENTIFIER = com.leafvmaple.language;
				PRODUCT_NAME = "$(TARGET_NAME)";
				PROVISIONING_PROFILE = "";
				PROVISIONING_PROFILE_SPECIFIER = "";
				SWIFT_OBJC_BRIDGING_HEADER = "LeafLanguage/LeafLanguage-Bridging-Header.h";
				SWIFT_OPTIMIZATION_LEVEL = "-Onone";
				SWIFT_VERSION = 3.0;
				USER_HEADER_SEARCH_PATHS = "";
			};
			name = Debug;
		};
		49FC660E1B11D40E00C4D065 /* Release */ = {
			isa = XCBuildConfiguration;
			buildSettings = {
				ALWAYS_EMBED_SWIFT_STANDARD_LIBRARIES = YES;
				ASSETCATALOG_COMPILER_APPICON_NAME = AppIcon;
				ASSETCATALOG_COMPILER_LAUNCHIMAGE_NAME = LaunchImage;
				CLANG_ENABLE_MODULES = YES;
				CODE_SIGN_ENTITLEMENTS = LeafLanguage/LeafLanguage.entitlements;
				CODE_SIGN_IDENTITY = "iPhone Developer";
				"CODE_SIGN_IDENTITY[sdk=iphoneos*]" = "iPhone Developer";
				CODE_SIGN_STYLE = Automatic;
				DEVELOPMENT_TEAM = 4EWH4YWAKN;
				INFOPLIST_FILE = LeafLanguage/Info.plist;
				IPHONEOS_DEPLOYMENT_TARGET = 10.3;
				LD_RUNPATH_SEARCH_PATHS = "$(inherited) @executable_path/Frameworks";
				ONLY_ACTIVE_ARCH = YES;
				PRODUCT_BUNDLE_IDENTIFIER = com.leafvmaple.language;
				PRODUCT_NAME = "$(TARGET_NAME)";
				PROVISIONING_PROFILE = "";
				PROVISIONING_PROFILE_SPECIFIER = "";
				SWIFT_OBJC_BRIDGING_HEADER = "LeafLanguage/LeafLanguage-Bridging-Header.h";
				SWIFT_VERSION = 3.0;
				USER_HEADER_SEARCH_PATHS = "";
			};
			name = Release;
		};
		49FC66101B11D40E00C4D065 /* Debug */ = {
			isa = XCBuildConfiguration;
			buildSettings = {
				BUNDLE_LOADER = "$(TEST_HOST)";
				CODE_SIGN_IDENTITY = "iPhone Developer";
				"CODE_SIGN_IDENTITY[sdk=iphoneos*]" = "iPhone Developer";
				DEVELOPMENT_TEAM = 4EWH4YWAKN;
				FRAMEWORK_SEARCH_PATHS = (
					"$(SDKROOT)/Developer/Library/Frameworks",
					"$(inherited)",
				);
				GCC_PREPROCESSOR_DEFINITIONS = (
					"DEBUG=1",
					"$(inherited)",
				);
				INFOPLIST_FILE = LeafLanguageTests/Info.plist;
				LD_RUNPATH_SEARCH_PATHS = "$(inherited) @executable_path/Frameworks @loader_path/Frameworks";
				PRODUCT_BUNDLE_IDENTIFIER = "LeafMaple.$(PRODUCT_NAME:rfc1034identifier)";
				PRODUCT_NAME = "$(TARGET_NAME)";
				SWIFT_VERSION = 3.0;
				TEST_HOST = "$(BUILT_PRODUCTS_DIR)/LeafLanguage.app/LeafLanguage";
			};
			name = Debug;
		};
		49FC66111B11D40E00C4D065 /* Release */ = {
			isa = XCBuildConfiguration;
			buildSettings = {
				BUNDLE_LOADER = "$(TEST_HOST)";
				CODE_SIGN_IDENTITY = "iPhone Developer";
				"CODE_SIGN_IDENTITY[sdk=iphoneos*]" = "iPhone Developer";
				DEVELOPMENT_TEAM = 4EWH4YWAKN;
				FRAMEWORK_SEARCH_PATHS = (
					"$(SDKROOT)/Developer/Library/Frameworks",
					"$(inherited)",
				);
				INFOPLIST_FILE = LeafLanguageTests/Info.plist;
				LD_RUNPATH_SEARCH_PATHS = "$(inherited) @executable_path/Frameworks @loader_path/Frameworks";
				PRODUCT_BUNDLE_IDENTIFIER = "LeafMaple.$(PRODUCT_NAME:rfc1034identifier)";
				PRODUCT_NAME = "$(TARGET_NAME)";
				SWIFT_VERSION = 3.0;
				TEST_HOST = "$(BUILT_PRODUCTS_DIR)/LeafLanguage.app/LeafLanguage";
			};
			name = Release;
		};
/* End XCBuildConfiguration section */

/* Begin XCConfigurationList section */
		4981D15521835D250067E818 /* Build configuration list for PBXNativeTarget "WatchApp Extension" */ = {
			isa = XCConfigurationList;
			buildConfigurations = (
				4981D15321835D250067E818 /* Debug */,
				4981D15421835D250067E818 /* Release */,
			);
			defaultConfigurationIsVisible = 0;
			defaultConfigurationName = Release;
		};
		4981D15721835D250067E818 /* Build configuration list for PBXNativeTarget "WatchApp" */ = {
			isa = XCConfigurationList;
			buildConfigurations = (
				4981D15121835D250067E818 /* Debug */,
				4981D15221835D250067E818 /* Release */,
			);
			defaultConfigurationIsVisible = 0;
			defaultConfigurationName = Release;
		};
		49FC65E61B11D40D00C4D065 /* Build configuration list for PBXProject "LeafLanguage" */ = {
			isa = XCConfigurationList;
			buildConfigurations = (
				49FC660A1B11D40E00C4D065 /* Debug */,
				49FC660B1B11D40E00C4D065 /* Release */,
			);
			defaultConfigurationIsVisible = 0;
			defaultConfigurationName = Release;
		};
		49FC660C1B11D40E00C4D065 /* Build configuration list for PBXNativeTarget "LeafLanguage" */ = {
			isa = XCConfigurationList;
			buildConfigurations = (
				49FC660D1B11D40E00C4D065 /* Debug */,
				49FC660E1B11D40E00C4D065 /* Release */,
			);
			defaultConfigurationIsVisible = 0;
			defaultConfigurationName = Release;
		};
		49FC660F1B11D40E00C4D065 /* Build configuration list for PBXNativeTarget "LeafLanguageTests" */ = {
			isa = XCConfigurationList;
			buildConfigurations = (
				49FC66101B11D40E00C4D065 /* Debug */,
				49FC66111B11D40E00C4D065 /* Release */,
			);
			defaultConfigurationIsVisible = 0;
			defaultConfigurationName = Release;
		};
/* End XCConfigurationList section */
	};
	rootObject = 49FC65E31B11D40D00C4D065 /* Project object */;
}
